
Microsoft Visual Studio Solution File, Format Version 12.00
# Visual Studio 15
VisualStudioVersion = 15.0.26730.3
MinimumVisualStudioVersion = 10.0.40219.1
Project("{8BC9CEB8-8B4A-11D0-8D11-00A0C91BC942}") = "Умножение матриц", "Умножение матриц\Умножение матриц.vcxproj", "{665BFD61-5E35-4B48-B6B8-D4F3022DAC21}"
EndProject
Global
	GlobalSection(SolutionConfigurationPlatforms) = preSolution
		Debug|x64 = Debug|x64
		Debug|x86 = Debug|x86
		Release|x64 = Release|x64
		Release|x86 = Release|x86
	EndGlobalSection
	GlobalSection(ProjectConfigurationPlatforms) = postSolution
		{665BFD61-5E35-4B48-B6B8-D4F3022DAC21}.Debug|x64.ActiveCfg = Debug|x64
		{665BFD61-5E35-4B48-B6B8-D4F3022DAC21}.Debug|x64.Build.0 = Debug|x64
		{665BFD61-5E35-4B48-B6B8-D4F3022DAC21}.Debug|x86.ActiveCfg = Debug|Win32
		{665BFD61-5E35-4B48-B6B8-D4F3022DAC21}.Debug|x86.Build.0 = Debug|Win32
		{665BFD61-5E35-4B48-B6B8-D4F3022DAC21}.Release|x64.ActiveCfg = Release|x64
		{665BFD61-5E35-4B48-B6B8-D4F3022DAC21}.Release|x64.Build.0 = Release|x64
		{665BFD61-5E35-4B48-B6B8-D4F3022DAC21}.Release|x86.ActiveCfg = Release|Win32
		{665BFD61-5E35-4B48-B6B8-D4F3022DAC21}.Release|x86.Build.0 = Release|Win32
	EndGlobalSection
	GlobalSection(SolutionProperties) = preSolution
		HideSolutionNode = FALSE
	EndGlobalSection
	GlobalSection(ExtensibilityGlobals) = postSolution
		SolutionGuid = {B1AD071B-FF98-4F28-A029-2D50A6F5A021}
	EndGlobalSection
EndGlobal
